// !$*UTF8*$!
{
	archiveVersion = 1;
	classes = {
	};
	objectVersion = 56;
	objects = {

/* Begin PBXBuildFile section */
		7D08C1122D21561900370EAC /* AirportListView.swift in Sources */ = {isa = PBXBuildFile; fileRef = 7D08C1112D21561900370EAC /* AirportListView.swift */; };
		7D08C1142D2156A300370EAC /* Airport.swift in Sources */ = {isa = PBXBuildFile; fileRef = 7D08C1132D2156A300370EAC /* Airport.swift */; };
		7D08C1162D21572000370EAC /* AirportListViewModel.swift in Sources */ = {isa = PBXBuildFile; fileRef = 7D08C1152D21572000370EAC /* AirportListViewModel.swift */; };
		7D45E2E42D27200400FDC1EE /* DepartureTTicketListView.swift in Sources */ = {isa = PBXBuildFile; fileRef = 7D45E2E32D27200400FDC1EE /* DepartureTTicketListView.swift */; };
		7D45E2E72D27281A00FDC1EE /* DayListComponent.swift in Sources */ = {isa = PBXBuildFile; fileRef = 7D45E2E62D27281A00FDC1EE /* DayListComponent.swift */; };
		7D52C56B2D2935B400FD78CE /* TicketInfoComponent.swift in Sources */ = {isa = PBXBuildFile; fileRef = 7D52C56A2D2935B400FD78CE /* TicketInfoComponent.swift */; };
		7D52C56D2D294BBC00FD78CE /* PassengerInfoViewModel.swift in Sources */ = {isa = PBXBuildFile; fileRef = 7D52C56C2D294BBC00FD78CE /* PassengerInfoViewModel.swift */; };
		7D52C56F2D299AFD00FD78CE /* PassengerInfoModels.swift in Sources */ = {isa = PBXBuildFile; fileRef = 7D52C56E2D299AFD00FD78CE /* PassengerInfoModels.swift */; };
		7D52C5732D299FB500FD78CE /* PassengerInfoTextfieldComponent.swift in Sources */ = {isa = PBXBuildFile; fileRef = 7D52C5722D299FB500FD78CE /* PassengerInfoTextfieldComponent.swift */; };
		7D5DAB4B2D1F350700A37B21 /* VolatusApp.swift in Sources */ = {isa = PBXBuildFile; fileRef = 7D5DAB4A2D1F350700A37B21 /* VolatusApp.swift */; };
		7D5DAB4F2D1F350900A37B21 /* Assets.xcassets in Resources */ = {isa = PBXBuildFile; fileRef = 7D5DAB4E2D1F350900A37B21 /* Assets.xcassets */; };
		7D5DAB522D1F350900A37B21 /* Preview Assets.xcassets in Resources */ = {isa = PBXBuildFile; fileRef = 7D5DAB512D1F350900A37B21 /* Preview Assets.xcassets */; };
		7D9565D42D2E9D4F00CC3813 /* SharedModelTests.swift in Sources */ = {isa = PBXBuildFile; fileRef = 7D9565D32D2E9D4F00CC3813 /* SharedModelTests.swift */; };
		7D9565D72D2EAEFA00CC3813 /* AirportListViewModelTests.swift in Sources */ = {isa = PBXBuildFile; fileRef = 7D9565D62D2EAEFA00CC3813 /* AirportListViewModelTests.swift */; };
		7D9565D92D2EB37D00CC3813 /* DateUiState.swift in Sources */ = {isa = PBXBuildFile; fileRef = 7D9565D82D2EB37D00CC3813 /* DateUiState.swift */; };
		7D9565E02D2EBFD000CC3813 /* PassengerSelectViewModelTests.swift in Sources */ = {isa = PBXBuildFile; fileRef = 7D9565DF2D2EBFD000CC3813 /* PassengerSelectViewModelTests.swift */; };
		7D9565E42D2ECBF200CC3813 /* DepartureViewModelTests.swift in Sources */ = {isa = PBXBuildFile; fileRef = 7D9565E32D2ECBF200CC3813 /* DepartureViewModelTests.swift */; };
		7D99CFED2D22BB9500263945 /* DateListViewModel.swift in Sources */ = {isa = PBXBuildFile; fileRef = 7D99CFEC2D22BB9500263945 /* DateListViewModel.swift */; };
		7DA398F72D201110006B7927 /* HomeViewModel.swift in Sources */ = {isa = PBXBuildFile; fileRef = 7DA398F62D201110006B7927 /* HomeViewModel.swift */; };
		7DA398FA2D201199006B7927 /* UiState.swift in Sources */ = {isa = PBXBuildFile; fileRef = 7DA398F92D201199006B7927 /* UiState.swift */; };
		7DA398FC2D20130E006B7927 /* TextTheme.swift in Sources */ = {isa = PBXBuildFile; fileRef = 7DA398FB2D20130E006B7927 /* TextTheme.swift */; };
		7DA398FE2D2014EB006B7927 /* TripTypeState.swift in Sources */ = {isa = PBXBuildFile; fileRef = 7DA398FD2D2014EB006B7927 /* TripTypeState.swift */; };
		7DA399002D201637006B7927 /* ColorTheme.swift in Sources */ = {isa = PBXBuildFile; fileRef = 7DA398FF2D201637006B7927 /* ColorTheme.swift */; };
		7DA399032D2017B2006B7927 /* Color+Extension.swift in Sources */ = {isa = PBXBuildFile; fileRef = 7DA399022D2017B2006B7927 /* Color+Extension.swift */; };
		7DA399072D20245B006B7927 /* LocationState.swift in Sources */ = {isa = PBXBuildFile; fileRef = 7DA399062D20245B006B7927 /* LocationState.swift */; };
		7DA399122D20371E006B7927 /* VolatusTests.swift in Sources */ = {isa = PBXBuildFile; fileRef = 7DA399112D20371E006B7927 /* VolatusTests.swift */; };
		7DA3991A2D20374E006B7927 /* HomeViewModelTest.swift in Sources */ = {isa = PBXBuildFile; fileRef = 7DA399192D20374E006B7927 /* HomeViewModelTest.swift */; };
		7DA3991D2D206254006B7927 /* AirportList.swift in Sources */ = {isa = PBXBuildFile; fileRef = 7DA3991C2D206254006B7927 /* AirportList.swift */; };
		7DA9B8D22D28028C0060CF54 /* DepartureTicketListViewModel.swift in Sources */ = {isa = PBXBuildFile; fileRef = 7DA9B8D12D28028C0060CF54 /* DepartureTicketListViewModel.swift */; };
		7DA9B8DA2D282CF70060CF54 /* ReturnTicketListView.swift in Sources */ = {isa = PBXBuildFile; fileRef = 7DA9B8D92D282CF70060CF54 /* ReturnTicketListView.swift */; };
		7DA9B8DC2D282D4E0060CF54 /* TicketComponent.swift in Sources */ = {isa = PBXBuildFile; fileRef = 7DA9B8DB2D282D4E0060CF54 /* TicketComponent.swift */; };
		7DA9B8DF2D282E0A0060CF54 /* PassengerInfoScreen.swift in Sources */ = {isa = PBXBuildFile; fileRef = 7DA9B8DE2D282E0A0060CF54 /* PassengerInfoScreen.swift */; };
		7DA9B8E12D28374C0060CF54 /* SharedModel.swift in Sources */ = {isa = PBXBuildFile; fileRef = 7DA9B8E02D28374C0060CF54 /* SharedModel.swift */; };
		7DA9B9012D287AA40060CF54 /* ReturnTicketListViewModel.swift in Sources */ = {isa = PBXBuildFile; fileRef = 7DA9B9002D287AA40060CF54 /* ReturnTicketListViewModel.swift */; };
		7DABF7AC2D31346600DDC2CA /* Constnats.swift in Sources */ = {isa = PBXBuildFile; fileRef = 7DABF7AB2D31346600DDC2CA /* Constnats.swift */; };
		7DABF7AE2D31353C00DDC2CA /* TargetType.swift in Sources */ = {isa = PBXBuildFile; fileRef = 7DABF7AD2D31353C00DDC2CA /* TargetType.swift */; };
		7DABF7B12D31358600DDC2CA /* Alamofire in Frameworks */ = {isa = PBXBuildFile; productRef = 7DABF7B02D31358600DDC2CA /* Alamofire */; };
		7DABF7B32D31358600DDC2CA /* AlamofireDynamic in Frameworks */ = {isa = PBXBuildFile; productRef = 7DABF7B22D31358600DDC2CA /* AlamofireDynamic */; };
		7DABF7B52D31359E00DDC2CA /* NetworkPath.swift in Sources */ = {isa = PBXBuildFile; fileRef = 7DABF7B42D31359E00DDC2CA /* NetworkPath.swift */; };
		7DABF7B72D3136EC00DDC2CA /* NetworkManager.swift in Sources */ = {isa = PBXBuildFile; fileRef = 7DABF7B62D3136EC00DDC2CA /* NetworkManager.swift */; };
		7DABF7B92D31376800DDC2CA /* AirportListService.swift in Sources */ = {isa = PBXBuildFile; fileRef = 7DABF7B82D31376800DDC2CA /* AirportListService.swift */; };
		7DABF7BB2D313E1400DDC2CA /* AirportListMockService.swift in Sources */ = {isa = PBXBuildFile; fileRef = 7DABF7BA2D313E1400DDC2CA /* AirportListMockService.swift */; };
		7DABF7BD2D3160C900DDC2CA /* Ticket.swift in Sources */ = {isa = PBXBuildFile; fileRef = 7DABF7BC2D3160C900DDC2CA /* Ticket.swift */; };
		7DABF7BF2D3160F000DDC2CA /* DepartureTicketListService.swift in Sources */ = {isa = PBXBuildFile; fileRef = 7DABF7BE2D3160F000DDC2CA /* DepartureTicketListService.swift */; };
		7DABF7C22D31663000DDC2CA /* Kingfisher in Frameworks */ = {isa = PBXBuildFile; productRef = 7DABF7C12D31663000DDC2CA /* Kingfisher */; };
		7DABF7C42D31680E00DDC2CA /* KFImage+Extension.swift in Sources */ = {isa = PBXBuildFile; fileRef = 7DABF7C32D31680E00DDC2CA /* KFImage+Extension.swift */; };
		7DABF7C62D31713B00DDC2CA /* MockDepartureTicketListService.swift in Sources */ = {isa = PBXBuildFile; fileRef = 7DABF7C52D31713A00DDC2CA /* MockDepartureTicketListService.swift */; };
		7DB2E3F82D2184D200939B05 /* AirportUiState.swift in Sources */ = {isa = PBXBuildFile; fileRef = 7DB2E3F72D2184D200939B05 /* AirportUiState.swift */; };
		7DB2E3FB2D21AA6300939B05 /* DateView.swift in Sources */ = {isa = PBXBuildFile; fileRef = 7DB2E3FA2D21AA6300939B05 /* DateView.swift */; };
		7DB2E3FD2D21ADE400939B05 /* Date+Extension.swift in Sources */ = {isa = PBXBuildFile; fileRef = 7DB2E3FC2D21ADE400939B05 /* Date+Extension.swift */; };
		7DC913612D1F3B7A00AD88C9 /* HomeView.swift in Sources */ = {isa = PBXBuildFile; fileRef = 7DC913602D1F3B7A00AD88C9 /* HomeView.swift */; };
		7DC913642D1F441300AD88C9 /* LocationView.swift in Sources */ = {isa = PBXBuildFile; fileRef = 7DC913632D1F441300AD88C9 /* LocationView.swift */; };
		7DC913672D1F458A00AD88C9 /* ImageTheme.swift in Sources */ = {isa = PBXBuildFile; fileRef = 7DC913662D1F458A00AD88C9 /* ImageTheme.swift */; };
		7DC913692D1F496000AD88C9 /* TripButton.swift in Sources */ = {isa = PBXBuildFile; fileRef = 7DC913682D1F496000AD88C9 /* TripButton.swift */; };
		7DC9136B2D1F4A4F00AD88C9 /* TimeView.swift in Sources */ = {isa = PBXBuildFile; fileRef = 7DC9136A2D1F4A4F00AD88C9 /* TimeView.swift */; };
		7DC9136D2D1F4AEC00AD88C9 /* PassengerView.swift in Sources */ = {isa = PBXBuildFile; fileRef = 7DC9136C2D1F4AEC00AD88C9 /* PassengerView.swift */; };
		7DEE3C342D2305A60049231F /* String+Extension.swift in Sources */ = {isa = PBXBuildFile; fileRef = 7DEE3C332D2305A60049231F /* String+Extension.swift */; };
		7DEE3C372D240BE20049231F /* PassengerSelectView.swift in Sources */ = {isa = PBXBuildFile; fileRef = 7DEE3C362D240BE20049231F /* PassengerSelectView.swift */; };
		7DEE3C392D240CA70049231F /* PassengerSelectState.swift in Sources */ = {isa = PBXBuildFile; fileRef = 7DEE3C382D240CA70049231F /* PassengerSelectState.swift */; };
		7DEE3C3B2D240D410049231F /* PassengerSelectViewModel.swift in Sources */ = {isa = PBXBuildFile; fileRef = 7DEE3C3A2D240D410049231F /* PassengerSelectViewModel.swift */; };
		7DEE3C3E2D241FC80049231F /* PassengerComponent.swift in Sources */ = {isa = PBXBuildFile; fileRef = 7DEE3C3D2D241FC80049231F /* PassengerComponent.swift */; };
/* End PBXBuildFile section */

/* Begin PBXContainerItemProxy section */
		7DA399132D20371E006B7927 /* PBXContainerItemProxy */ = {
			isa = PBXContainerItemProxy;
			containerPortal = 7D5DAB3F2D1F350700A37B21 /* Project object */;
			proxyType = 1;
			remoteGlobalIDString = 7D5DAB462D1F350700A37B21;
			remoteInfo = Volatus;
		};
/* End PBXContainerItemProxy section */

/* Begin PBXFileReference section */
		7D08C1112D21561900370EAC /* AirportListView.swift */ = {isa = PBXFileReference; lastKnownFileType = sourcecode.swift; path = AirportListView.swift; sourceTree = "<group>"; };
		7D08C1132D2156A300370EAC /* Airport.swift */ = {isa = PBXFileReference; lastKnownFileType = sourcecode.swift; path = Airport.swift; sourceTree = "<group>"; };
		7D08C1152D21572000370EAC /* AirportListViewModel.swift */ = {isa = PBXFileReference; lastKnownFileType = sourcecode.swift; path = AirportListViewModel.swift; sourceTree = "<group>"; };
		7D45E2E32D27200400FDC1EE /* DepartureTTicketListView.swift */ = {isa = PBXFileReference; lastKnownFileType = sourcecode.swift; path = DepartureTTicketListView.swift; sourceTree = "<group>"; };
		7D45E2E62D27281A00FDC1EE /* DayListComponent.swift */ = {isa = PBXFileReference; lastKnownFileType = sourcecode.swift; path = DayListComponent.swift; sourceTree = "<group>"; };
		7D52C56A2D2935B400FD78CE /* TicketInfoComponent.swift */ = {isa = PBXFileReference; lastKnownFileType = sourcecode.swift; path = TicketInfoComponent.swift; sourceTree = "<group>"; };
		7D52C56C2D294BBC00FD78CE /* PassengerInfoViewModel.swift */ = {isa = PBXFileReference; lastKnownFileType = sourcecode.swift; path = PassengerInfoViewModel.swift; sourceTree = "<group>"; };
		7D52C56E2D299AFD00FD78CE /* PassengerInfoModels.swift */ = {isa = PBXFileReference; lastKnownFileType = sourcecode.swift; path = PassengerInfoModels.swift; sourceTree = "<group>"; };
		7D52C5722D299FB500FD78CE /* PassengerInfoTextfieldComponent.swift */ = {isa = PBXFileReference; lastKnownFileType = sourcecode.swift; path = PassengerInfoTextfieldComponent.swift; sourceTree = "<group>"; };
		7D5DAB472D1F350700A37B21 /* Volatus.app */ = {isa = PBXFileReference; explicitFileType = wrapper.application; includeInIndex = 0; path = Volatus.app; sourceTree = BUILT_PRODUCTS_DIR; };
		7D5DAB4A2D1F350700A37B21 /* VolatusApp.swift */ = {isa = PBXFileReference; lastKnownFileType = sourcecode.swift; path = VolatusApp.swift; sourceTree = "<group>"; };
		7D5DAB4E2D1F350900A37B21 /* Assets.xcassets */ = {isa = PBXFileReference; lastKnownFileType = folder.assetcatalog; path = Assets.xcassets; sourceTree = "<group>"; };
		7D5DAB512D1F350900A37B21 /* Preview Assets.xcassets */ = {isa = PBXFileReference; lastKnownFileType = folder.assetcatalog; path = "Preview Assets.xcassets"; sourceTree = "<group>"; };
		7D9565D32D2E9D4F00CC3813 /* SharedModelTests.swift */ = {isa = PBXFileReference; lastKnownFileType = sourcecode.swift; path = SharedModelTests.swift; sourceTree = "<group>"; };
		7D9565D62D2EAEFA00CC3813 /* AirportListViewModelTests.swift */ = {isa = PBXFileReference; lastKnownFileType = sourcecode.swift; path = AirportListViewModelTests.swift; sourceTree = "<group>"; };
		7D9565D82D2EB37D00CC3813 /* DateUiState.swift */ = {isa = PBXFileReference; lastKnownFileType = sourcecode.swift; path = DateUiState.swift; sourceTree = "<group>"; };
		7D9565DF2D2EBFD000CC3813 /* PassengerSelectViewModelTests.swift */ = {isa = PBXFileReference; lastKnownFileType = sourcecode.swift; path = PassengerSelectViewModelTests.swift; sourceTree = "<group>"; };
		7D9565E32D2ECBF200CC3813 /* DepartureViewModelTests.swift */ = {isa = PBXFileReference; lastKnownFileType = sourcecode.swift; path = DepartureViewModelTests.swift; sourceTree = "<group>"; };
		7D99CFEC2D22BB9500263945 /* DateListViewModel.swift */ = {isa = PBXFileReference; lastKnownFileType = sourcecode.swift; path = DateListViewModel.swift; sourceTree = "<group>"; };
		7DA398F62D201110006B7927 /* HomeViewModel.swift */ = {isa = PBXFileReference; lastKnownFileType = sourcecode.swift; path = HomeViewModel.swift; sourceTree = "<group>"; };
		7DA398F92D201199006B7927 /* UiState.swift */ = {isa = PBXFileReference; lastKnownFileType = sourcecode.swift; path = UiState.swift; sourceTree = "<group>"; };
		7DA398FB2D20130E006B7927 /* TextTheme.swift */ = {isa = PBXFileReference; lastKnownFileType = sourcecode.swift; path = TextTheme.swift; sourceTree = "<group>"; };
		7DA398FD2D2014EB006B7927 /* TripTypeState.swift */ = {isa = PBXFileReference; lastKnownFileType = sourcecode.swift; path = TripTypeState.swift; sourceTree = "<group>"; };
		7DA398FF2D201637006B7927 /* ColorTheme.swift */ = {isa = PBXFileReference; lastKnownFileType = sourcecode.swift; path = ColorTheme.swift; sourceTree = "<group>"; };
		7DA399022D2017B2006B7927 /* Color+Extension.swift */ = {isa = PBXFileReference; lastKnownFileType = sourcecode.swift; path = "Color+Extension.swift"; sourceTree = "<group>"; };
		7DA399062D20245B006B7927 /* LocationState.swift */ = {isa = PBXFileReference; lastKnownFileType = sourcecode.swift; path = LocationState.swift; sourceTree = "<group>"; };
		7DA3990F2D20371E006B7927 /* VolatusTests.xctest */ = {isa = PBXFileReference; explicitFileType = wrapper.cfbundle; includeInIndex = 0; path = VolatusTests.xctest; sourceTree = BUILT_PRODUCTS_DIR; };
		7DA399112D20371E006B7927 /* VolatusTests.swift */ = {isa = PBXFileReference; lastKnownFileType = sourcecode.swift; path = VolatusTests.swift; sourceTree = "<group>"; };
		7DA399192D20374E006B7927 /* HomeViewModelTest.swift */ = {isa = PBXFileReference; lastKnownFileType = sourcecode.swift; path = HomeViewModelTest.swift; sourceTree = "<group>"; };
		7DA3991C2D206254006B7927 /* AirportList.swift */ = {isa = PBXFileReference; lastKnownFileType = sourcecode.swift; path = AirportList.swift; sourceTree = "<group>"; };
		7DA9B8D12D28028C0060CF54 /* DepartureTicketListViewModel.swift */ = {isa = PBXFileReference; lastKnownFileType = sourcecode.swift; path = DepartureTicketListViewModel.swift; sourceTree = "<group>"; };
		7DA9B8D92D282CF70060CF54 /* ReturnTicketListView.swift */ = {isa = PBXFileReference; lastKnownFileType = sourcecode.swift; path = ReturnTicketListView.swift; sourceTree = "<group>"; };
		7DA9B8DB2D282D4E0060CF54 /* TicketComponent.swift */ = {isa = PBXFileReference; lastKnownFileType = sourcecode.swift; path = TicketComponent.swift; sourceTree = "<group>"; };
		7DA9B8DE2D282E0A0060CF54 /* PassengerInfoScreen.swift */ = {isa = PBXFileReference; lastKnownFileType = sourcecode.swift; path = PassengerInfoScreen.swift; sourceTree = "<group>"; };
		7DA9B8E02D28374C0060CF54 /* SharedModel.swift */ = {isa = PBXFileReference; lastKnownFileType = sourcecode.swift; path = SharedModel.swift; sourceTree = "<group>"; };
		7DA9B9002D287AA40060CF54 /* ReturnTicketListViewModel.swift */ = {isa = PBXFileReference; lastKnownFileType = sourcecode.swift; path = ReturnTicketListViewModel.swift; sourceTree = "<group>"; };
		7DABF7AB2D31346600DDC2CA /* Constnats.swift */ = {isa = PBXFileReference; lastKnownFileType = sourcecode.swift; path = Constnats.swift; sourceTree = "<group>"; };
		7DABF7AD2D31353C00DDC2CA /* TargetType.swift */ = {isa = PBXFileReference; lastKnownFileType = sourcecode.swift; path = TargetType.swift; sourceTree = "<group>"; };
		7DABF7B42D31359E00DDC2CA /* NetworkPath.swift */ = {isa = PBXFileReference; lastKnownFileType = sourcecode.swift; path = NetworkPath.swift; sourceTree = "<group>"; };
		7DABF7B62D3136EC00DDC2CA /* NetworkManager.swift */ = {isa = PBXFileReference; lastKnownFileType = sourcecode.swift; path = NetworkManager.swift; sourceTree = "<group>"; };
		7DABF7B82D31376800DDC2CA /* AirportListService.swift */ = {isa = PBXFileReference; lastKnownFileType = sourcecode.swift; path = AirportListService.swift; sourceTree = "<group>"; };
		7DABF7BA2D313E1400DDC2CA /* AirportListMockService.swift */ = {isa = PBXFileReference; lastKnownFileType = sourcecode.swift; path = AirportListMockService.swift; sourceTree = "<group>"; };
		7DABF7BC2D3160C900DDC2CA /* Ticket.swift */ = {isa = PBXFileReference; lastKnownFileType = sourcecode.swift; path = Ticket.swift; sourceTree = "<group>"; };
		7DABF7BE2D3160F000DDC2CA /* DepartureTicketListService.swift */ = {isa = PBXFileReference; lastKnownFileType = sourcecode.swift; path = DepartureTicketListService.swift; sourceTree = "<group>"; };
		7DABF7C32D31680E00DDC2CA /* KFImage+Extension.swift */ = {isa = PBXFileReference; lastKnownFileType = sourcecode.swift; path = "KFImage+Extension.swift"; sourceTree = "<group>"; };
		7DABF7C52D31713A00DDC2CA /* MockDepartureTicketListService.swift */ = {isa = PBXFileReference; lastKnownFileType = sourcecode.swift; path = MockDepartureTicketListService.swift; sourceTree = "<group>"; };
		7DB2E3F72D2184D200939B05 /* AirportUiState.swift */ = {isa = PBXFileReference; lastKnownFileType = sourcecode.swift; path = AirportUiState.swift; sourceTree = "<group>"; };
		7DB2E3FA2D21AA6300939B05 /* DateView.swift */ = {isa = PBXFileReference; lastKnownFileType = sourcecode.swift; path = DateView.swift; sourceTree = "<group>"; };
		7DB2E3FC2D21ADE400939B05 /* Date+Extension.swift */ = {isa = PBXFileReference; lastKnownFileType = sourcecode.swift; path = "Date+Extension.swift"; sourceTree = "<group>"; };
		7DC913602D1F3B7A00AD88C9 /* HomeView.swift */ = {isa = PBXFileReference; lastKnownFileType = sourcecode.swift; path = HomeView.swift; sourceTree = "<group>"; };
		7DC913632D1F441300AD88C9 /* LocationView.swift */ = {isa = PBXFileReference; lastKnownFileType = sourcecode.swift; path = LocationView.swift; sourceTree = "<group>"; };
		7DC913662D1F458A00AD88C9 /* ImageTheme.swift */ = {isa = PBXFileReference; lastKnownFileType = sourcecode.swift; path = ImageTheme.swift; sourceTree = "<group>"; };
		7DC913682D1F496000AD88C9 /* TripButton.swift */ = {isa = PBXFileReference; lastKnownFileType = sourcecode.swift; path = TripButton.swift; sourceTree = "<group>"; };
		7DC9136A2D1F4A4F00AD88C9 /* TimeView.swift */ = {isa = PBXFileReference; lastKnownFileType = sourcecode.swift; path = TimeView.swift; sourceTree = "<group>"; };
		7DC9136C2D1F4AEC00AD88C9 /* PassengerView.swift */ = {isa = PBXFileReference; lastKnownFileType = sourcecode.swift; path = PassengerView.swift; sourceTree = "<group>"; };
		7DEE3C332D2305A60049231F /* String+Extension.swift */ = {isa = PBXFileReference; lastKnownFileType = sourcecode.swift; path = "String+Extension.swift"; sourceTree = "<group>"; };
		7DEE3C362D240BE20049231F /* PassengerSelectView.swift */ = {isa = PBXFileReference; lastKnownFileType = sourcecode.swift; path = PassengerSelectView.swift; sourceTree = "<group>"; };
		7DEE3C382D240CA70049231F /* PassengerSelectState.swift */ = {isa = PBXFileReference; lastKnownFileType = sourcecode.swift; path = PassengerSelectState.swift; sourceTree = "<group>"; };
		7DEE3C3A2D240D410049231F /* PassengerSelectViewModel.swift */ = {isa = PBXFileReference; lastKnownFileType = sourcecode.swift; path = PassengerSelectViewModel.swift; sourceTree = "<group>"; };
		7DEE3C3D2D241FC80049231F /* PassengerComponent.swift */ = {isa = PBXFileReference; lastKnownFileType = sourcecode.swift; path = PassengerComponent.swift; sourceTree = "<group>"; };
/* End PBXFileReference section */

/* Begin PBXFrameworksBuildPhase section */
		7D5DAB442D1F350700A37B21 /* Frameworks */ = {
			isa = PBXFrameworksBuildPhase;
			buildActionMask = 2147483647;
			files = (
				7DABF7C22D31663000DDC2CA /* Kingfisher in Frameworks */,
				7DABF7B12D31358600DDC2CA /* Alamofire in Frameworks */,
				7DABF7B32D31358600DDC2CA /* AlamofireDynamic in Frameworks */,
			);
			runOnlyForDeploymentPostprocessing = 0;
		};
		7DA3990C2D20371E006B7927 /* Frameworks */ = {
			isa = PBXFrameworksBuildPhase;
			buildActionMask = 2147483647;
			files = (
			);
			runOnlyForDeploymentPostprocessing = 0;
		};
/* End PBXFrameworksBuildPhase section */

/* Begin PBXGroup section */
		7D08C1102D2155B500370EAC /* components */ = {
			isa = PBXGroup;
			children = (
				7D08C1112D21561900370EAC /* AirportListView.swift */,
			);
			path = components;
			sourceTree = "<group>";
		};
		7D45E2E22D271FF000FDC1EE /* ticketList */ = {
			isa = PBXGroup;
			children = (
				7DA9B8D82D282CE50060CF54 /* return */,
				7DA9B8D72D282CD60060CF54 /* departure */,
				7D45E2E52D2727E900FDC1EE /* components */,
				7DABF7BC2D3160C900DDC2CA /* Ticket.swift */,
			);
			path = ticketList;
			sourceTree = "<group>";
		};
		7D45E2E52D2727E900FDC1EE /* components */ = {
			isa = PBXGroup;
			children = (
				7D45E2E62D27281A00FDC1EE /* DayListComponent.swift */,
				7DA9B8DB2D282D4E0060CF54 /* TicketComponent.swift */,
			);
			path = components;
			sourceTree = "<group>";
		};
		7D52C5692D29359200FD78CE /* components */ = {
			isa = PBXGroup;
			children = (
				7D52C56A2D2935B400FD78CE /* TicketInfoComponent.swift */,
			);
			path = components;
			sourceTree = "<group>";
		};
		7D5DAB3E2D1F350700A37B21 = {
			isa = PBXGroup;
			children = (
				7D5DAB492D1F350700A37B21 /* Volatus */,
				7DA399102D20371E006B7927 /* VolatusTests */,
				7D5DAB482D1F350700A37B21 /* Products */,
			);
			sourceTree = "<group>";
		};
		7D5DAB482D1F350700A37B21 /* Products */ = {
			isa = PBXGroup;
			children = (
				7D5DAB472D1F350700A37B21 /* Volatus.app */,
				7DA3990F2D20371E006B7927 /* VolatusTests.xctest */,
			);
			name = Products;
			sourceTree = "<group>";
		};
		7D5DAB492D1F350700A37B21 /* Volatus */ = {
			isa = PBXGroup;
			children = (
				7DABF7A92D3133D400DDC2CA /* network */,
				7D9565DA2D2EB8BD00CC3813 /* shared */,
				7DA399012D20179E006B7927 /* extension */,
				7DC913652D1F457600AD88C9 /* resources */,
				7DC9135E2D1F3AAE00AD88C9 /* screens */,
				7D5DAB4A2D1F350700A37B21 /* VolatusApp.swift */,
				7D5DAB4E2D1F350900A37B21 /* Assets.xcassets */,
				7D5DAB502D1F350900A37B21 /* Preview Content */,
			);
			path = Volatus;
			sourceTree = "<group>";
		};
		7D5DAB502D1F350900A37B21 /* Preview Content */ = {
			isa = PBXGroup;
			children = (
				7D5DAB512D1F350900A37B21 /* Preview Assets.xcassets */,
			);
			path = "Preview Content";
			sourceTree = "<group>";
		};
		7D9565D22D2E9D4000CC3813 /* sharedModel */ = {
			isa = PBXGroup;
			children = (
				7D9565D32D2E9D4F00CC3813 /* SharedModelTests.swift */,
			);
			path = sharedModel;
			sourceTree = "<group>";
		};
		7D9565D52D2EADAA00CC3813 /* airportList */ = {
			isa = PBXGroup;
			children = (
				7D9565D62D2EAEFA00CC3813 /* AirportListViewModelTests.swift */,
				7DABF7BA2D313E1400DDC2CA /* AirportListMockService.swift */,
			);
			path = airportList;
			sourceTree = "<group>";
		};
		7D9565DA2D2EB8BD00CC3813 /* shared */ = {
			isa = PBXGroup;
			children = (
				7DA9B8E02D28374C0060CF54 /* SharedModel.swift */,
			);
			path = shared;
			sourceTree = "<group>";
		};
		7D9565DE2D2EBFB400CC3813 /* passengerSelect */ = {
			isa = PBXGroup;
			children = (
				7D9565DF2D2EBFD000CC3813 /* PassengerSelectViewModelTests.swift */,
			);
			path = passengerSelect;
			sourceTree = "<group>";
		};
		7D9565E12D2ECBC700CC3813 /* ticketList */ = {
			isa = PBXGroup;
			children = (
				7D9565E22D2ECBDB00CC3813 /* departureList */,
			);
			path = ticketList;
			sourceTree = "<group>";
		};
		7D9565E22D2ECBDB00CC3813 /* departureList */ = {
			isa = PBXGroup;
			children = (
				7D9565E32D2ECBF200CC3813 /* DepartureViewModelTests.swift */,
				7DABF7C52D31713A00DDC2CA /* MockDepartureTicketListService.swift */,
			);
			path = departureList;
			sourceTree = "<group>";
		};
		7DA398F82D20118D006B7927 /* states */ = {
			isa = PBXGroup;
			children = (
				7DA398F92D201199006B7927 /* UiState.swift */,
				7DA398FD2D2014EB006B7927 /* TripTypeState.swift */,
				7DA399062D20245B006B7927 /* LocationState.swift */,
			);
			path = states;
			sourceTree = "<group>";
		};
		7DA399012D20179E006B7927 /* extension */ = {
			isa = PBXGroup;
			children = (
				7DA399022D2017B2006B7927 /* Color+Extension.swift */,
				7DB2E3FC2D21ADE400939B05 /* Date+Extension.swift */,
				7DEE3C332D2305A60049231F /* String+Extension.swift */,
				7DABF7C32D31680E00DDC2CA /* KFImage+Extension.swift */,
			);
			path = extension;
			sourceTree = "<group>";
		};
		7DA399102D20371E006B7927 /* VolatusTests */ = {
			isa = PBXGroup;
			children = (
				7D9565E12D2ECBC700CC3813 /* ticketList */,
				7D9565DE2D2EBFB400CC3813 /* passengerSelect */,
				7D9565D52D2EADAA00CC3813 /* airportList */,
				7D9565D22D2E9D4000CC3813 /* sharedModel */,
				7DA399182D203740006B7927 /* home */,
				7DA399112D20371E006B7927 /* VolatusTests.swift */,
			);
			path = VolatusTests;
			sourceTree = "<group>";
		};
		7DA399182D203740006B7927 /* home */ = {
			isa = PBXGroup;
			children = (
				7DA399192D20374E006B7927 /* HomeViewModelTest.swift */,
			);
			path = home;
			sourceTree = "<group>";
		};
		7DA3991B2D20622C006B7927 /* airportList */ = {
			isa = PBXGroup;
			children = (
				7DB2E3F62D2184BA00939B05 /* states */,
				7D08C1102D2155B500370EAC /* components */,
				7DA3991C2D206254006B7927 /* AirportList.swift */,
				7D08C1132D2156A300370EAC /* Airport.swift */,
				7D08C1152D21572000370EAC /* AirportListViewModel.swift */,
				7DABF7B82D31376800DDC2CA /* AirportListService.swift */,
			);
			path = airportList;
			sourceTree = "<group>";
		};
		7DA9B8D72D282CD60060CF54 /* departure */ = {
			isa = PBXGroup;
			children = (
				7D45E2E32D27200400FDC1EE /* DepartureTTicketListView.swift */,
				7DA9B8D12D28028C0060CF54 /* DepartureTicketListViewModel.swift */,
				7DABF7BE2D3160F000DDC2CA /* DepartureTicketListService.swift */,
			);
			path = departure;
			sourceTree = "<group>";
		};
		7DA9B8D82D282CE50060CF54 /* return */ = {
			isa = PBXGroup;
			children = (
				7D52C5692D29359200FD78CE /* components */,
				7DA9B8D92D282CF70060CF54 /* ReturnTicketListView.swift */,
				7DA9B9002D287AA40060CF54 /* ReturnTicketListViewModel.swift */,
			);
			path = return;
			sourceTree = "<group>";
		};
		7DA9B8DD2D282DEE0060CF54 /* passengerInfo */ = {
			isa = PBXGroup;
			children = (
				7DA9B8DE2D282E0A0060CF54 /* PassengerInfoScreen.swift */,
				7D52C56C2D294BBC00FD78CE /* PassengerInfoViewModel.swift */,
				7D52C56E2D299AFD00FD78CE /* PassengerInfoModels.swift */,
				7D52C5722D299FB500FD78CE /* PassengerInfoTextfieldComponent.swift */,
			);
			path = passengerInfo;
			sourceTree = "<group>";
		};
		7DABF7A92D3133D400DDC2CA /* network */ = {
			isa = PBXGroup;
			children = (
				7DABF7AB2D31346600DDC2CA /* Constnats.swift */,
				7DABF7AD2D31353C00DDC2CA /* TargetType.swift */,
				7DABF7B42D31359E00DDC2CA /* NetworkPath.swift */,
				7DABF7B62D3136EC00DDC2CA /* NetworkManager.swift */,
			);
			path = network;
			sourceTree = "<group>";
		};
		7DB2E3F62D2184BA00939B05 /* states */ = {
			isa = PBXGroup;
			children = (
				7DB2E3F72D2184D200939B05 /* AirportUiState.swift */,
			);
			path = states;
			sourceTree = "<group>";
		};
		7DB2E3F92D21AA4900939B05 /* date */ = {
			isa = PBXGroup;
			children = (
				7DB2E3FA2D21AA6300939B05 /* DateView.swift */,
				7D99CFEC2D22BB9500263945 /* DateListViewModel.swift */,
				7D9565D82D2EB37D00CC3813 /* DateUiState.swift */,
			);
			path = date;
			sourceTree = "<group>";
		};
		7DC9135E2D1F3AAE00AD88C9 /* screens */ = {
			isa = PBXGroup;
			children = (
				7DC9135F2D1F3B5A00AD88C9 /* home */,
				7DA3991B2D20622C006B7927 /* airportList */,
				7DB2E3F92D21AA4900939B05 /* date */,
				7DEE3C352D240BC80049231F /* passengerSelect */,
				7D45E2E22D271FF000FDC1EE /* ticketList */,
				7DA9B8DD2D282DEE0060CF54 /* passengerInfo */,
			);
			path = screens;
			sourceTree = "<group>";
		};
		7DC9135F2D1F3B5A00AD88C9 /* home */ = {
			isa = PBXGroup;
			children = (
				7DA398F82D20118D006B7927 /* states */,
				7DC913622D1F440000AD88C9 /* components */,
				7DC913602D1F3B7A00AD88C9 /* HomeView.swift */,
				7DA398F62D201110006B7927 /* HomeViewModel.swift */,
			);
			path = home;
			sourceTree = "<group>";
		};
		7DC913622D1F440000AD88C9 /* components */ = {
			isa = PBXGroup;
			children = (
				7DC913632D1F441300AD88C9 /* LocationView.swift */,
				7DC913682D1F496000AD88C9 /* TripButton.swift */,
				7DC9136A2D1F4A4F00AD88C9 /* TimeView.swift */,
				7DC9136C2D1F4AEC00AD88C9 /* PassengerView.swift */,
			);
			path = components;
			sourceTree = "<group>";
		};
		7DC913652D1F457600AD88C9 /* resources */ = {
			isa = PBXGroup;
			children = (
				7DC913662D1F458A00AD88C9 /* ImageTheme.swift */,
				7DA398FB2D20130E006B7927 /* TextTheme.swift */,
				7DA398FF2D201637006B7927 /* ColorTheme.swift */,
			);
			path = resources;
			sourceTree = "<group>";
		};
		7DEE3C352D240BC80049231F /* passengerSelect */ = {
			isa = PBXGroup;
			children = (
				7DEE3C3C2D241FAC0049231F /* components */,
				7DEE3C362D240BE20049231F /* PassengerSelectView.swift */,
				7DEE3C382D240CA70049231F /* PassengerSelectState.swift */,
				7DEE3C3A2D240D410049231F /* PassengerSelectViewModel.swift */,
			);
			path = passengerSelect;
			sourceTree = "<group>";
		};
		7DEE3C3C2D241FAC0049231F /* components */ = {
			isa = PBXGroup;
			children = (
				7DEE3C3D2D241FC80049231F /* PassengerComponent.swift */,
			);
			path = components;
			sourceTree = "<group>";
		};
/* End PBXGroup section */

/* Begin PBXNativeTarget section */
		7D5DAB462D1F350700A37B21 /* Volatus */ = {
			isa = PBXNativeTarget;
			buildConfigurationList = 7D5DAB552D1F350900A37B21 /* Build configuration list for PBXNativeTarget "Volatus" */;
			buildPhases = (
				7D5DAB432D1F350700A37B21 /* Sources */,
				7D5DAB442D1F350700A37B21 /* Frameworks */,
				7D5DAB452D1F350700A37B21 /* Resources */,
			);
			buildRules = (
			);
			dependencies = (
			);
			name = Volatus;
			packageProductDependencies = (
				7DABF7B02D31358600DDC2CA /* Alamofire */,
				7DABF7B22D31358600DDC2CA /* AlamofireDynamic */,
				7DABF7C12D31663000DDC2CA /* Kingfisher */,
			);
			productName = Volatus;
			productReference = 7D5DAB472D1F350700A37B21 /* Volatus.app */;
			productType = "com.apple.product-type.application";
		};
		7DA3990E2D20371E006B7927 /* VolatusTests */ = {
			isa = PBXNativeTarget;
			buildConfigurationList = 7DA399152D20371E006B7927 /* Build configuration list for PBXNativeTarget "VolatusTests" */;
			buildPhases = (
				7DA3990B2D20371E006B7927 /* Sources */,
				7DA3990C2D20371E006B7927 /* Frameworks */,
				7DA3990D2D20371E006B7927 /* Resources */,
			);
			buildRules = (
			);
			dependencies = (
				7DA399142D20371E006B7927 /* PBXTargetDependency */,
			);
			name = VolatusTests;
			productName = VolatusTests;
			productReference = 7DA3990F2D20371E006B7927 /* VolatusTests.xctest */;
			productType = "com.apple.product-type.bundle.unit-test";
		};
/* End PBXNativeTarget section */

/* Begin PBXProject section */
		7D5DAB3F2D1F350700A37B21 /* Project object */ = {
			isa = PBXProject;
			attributes = {
				BuildIndependentTargetsInParallel = 1;
				LastSwiftUpdateCheck = 1500;
				LastUpgradeCheck = 1500;
				TargetAttributes = {
					7D5DAB462D1F350700A37B21 = {
						CreatedOnToolsVersion = 15.0;
					};
					7DA3990E2D20371E006B7927 = {
						CreatedOnToolsVersion = 15.0;
						TestTargetID = 7D5DAB462D1F350700A37B21;
					};
				};
			};
			buildConfigurationList = 7D5DAB422D1F350700A37B21 /* Build configuration list for PBXProject "Volatus" */;
			compatibilityVersion = "Xcode 14.0";
			developmentRegion = en;
			hasScannedForEncodings = 0;
			knownRegions = (
				en,
				Base,
			);
			mainGroup = 7D5DAB3E2D1F350700A37B21;
			packageReferences = (
				7DABF7AF2D31358600DDC2CA /* XCRemoteSwiftPackageReference "Alamofire" */,
				7DABF7C02D31663000DDC2CA /* XCRemoteSwiftPackageReference "Kingfisher" */,
			);
			productRefGroup = 7D5DAB482D1F350700A37B21 /* Products */;
			projectDirPath = "";
			projectRoot = "";
			targets = (
				7D5DAB462D1F350700A37B21 /* Volatus */,
				7DA3990E2D20371E006B7927 /* VolatusTests */,
			);
		};
/* End PBXProject section */

/* Begin PBXResourcesBuildPhase section */
		7D5DAB452D1F350700A37B21 /* Resources */ = {
			isa = PBXResourcesBuildPhase;
			buildActionMask = 2147483647;
			files = (
				7D5DAB522D1F350900A37B21 /* Preview Assets.xcassets in Resources */,
				7D5DAB4F2D1F350900A37B21 /* Assets.xcassets in Resources */,
			);
			runOnlyForDeploymentPostprocessing = 0;
		};
		7DA3990D2D20371E006B7927 /* Resources */ = {
			isa = PBXResourcesBuildPhase;
			buildActionMask = 2147483647;
			files = (
			);
			runOnlyForDeploymentPostprocessing = 0;
		};
/* End PBXResourcesBuildPhase section */

/* Begin PBXSourcesBuildPhase section */
		7D5DAB432D1F350700A37B21 /* Sources */ = {
			isa = PBXSourcesBuildPhase;
			buildActionMask = 2147483647;
			files = (
				7D52C5732D299FB500FD78CE /* PassengerInfoTextfieldComponent.swift in Sources */,
				7DC913612D1F3B7A00AD88C9 /* HomeView.swift in Sources */,
				7D52C56D2D294BBC00FD78CE /* PassengerInfoViewModel.swift in Sources */,
				7DA3991D2D206254006B7927 /* AirportList.swift in Sources */,
				7DABF7B72D3136EC00DDC2CA /* NetworkManager.swift in Sources */,
				7DA399032D2017B2006B7927 /* Color+Extension.swift in Sources */,
				7D52C56B2D2935B400FD78CE /* TicketInfoComponent.swift in Sources */,
				7DABF7AE2D31353C00DDC2CA /* TargetType.swift in Sources */,
				7DABF7B92D31376800DDC2CA /* AirportListService.swift in Sources */,
				7DA398F72D201110006B7927 /* HomeViewModel.swift in Sources */,
				7DABF7AC2D31346600DDC2CA /* Constnats.swift in Sources */,
				7DEE3C372D240BE20049231F /* PassengerSelectView.swift in Sources */,
				7DC913672D1F458A00AD88C9 /* ImageTheme.swift in Sources */,
				7DA9B8DF2D282E0A0060CF54 /* PassengerInfoScreen.swift in Sources */,
				7DA398FC2D20130E006B7927 /* TextTheme.swift in Sources */,
				7DEE3C342D2305A60049231F /* String+Extension.swift in Sources */,
				7DB2E3FD2D21ADE400939B05 /* Date+Extension.swift in Sources */,
				7D08C1162D21572000370EAC /* AirportListViewModel.swift in Sources */,
				7DA9B8DC2D282D4E0060CF54 /* TicketComponent.swift in Sources */,
				7DEE3C3B2D240D410049231F /* PassengerSelectViewModel.swift in Sources */,
				7DEE3C392D240CA70049231F /* PassengerSelectState.swift in Sources */,
				7DABF7B52D31359E00DDC2CA /* NetworkPath.swift in Sources */,
				7DB2E3F82D2184D200939B05 /* AirportUiState.swift in Sources */,
				7DA398FA2D201199006B7927 /* UiState.swift in Sources */,
				7DABF7BF2D3160F000DDC2CA /* DepartureTicketListService.swift in Sources */,
				7D08C1122D21561900370EAC /* AirportListView.swift in Sources */,
				7DA399002D201637006B7927 /* ColorTheme.swift in Sources */,
				7DA9B8DA2D282CF70060CF54 /* ReturnTicketListView.swift in Sources */,
				7DA9B8E12D28374C0060CF54 /* SharedModel.swift in Sources */,
				7DC913642D1F441300AD88C9 /* LocationView.swift in Sources */,
				7DABF7C42D31680E00DDC2CA /* KFImage+Extension.swift in Sources */,
				7DA399072D20245B006B7927 /* LocationState.swift in Sources */,
				7D45E2E42D27200400FDC1EE /* DepartureTTicketListView.swift in Sources */,
				7DA398FE2D2014EB006B7927 /* TripTypeState.swift in Sources */,
				7DEE3C3E2D241FC80049231F /* PassengerComponent.swift in Sources */,
				7D52C56F2D299AFD00FD78CE /* PassengerInfoModels.swift in Sources */,
				7DB2E3FB2D21AA6300939B05 /* DateView.swift in Sources */,
				7D08C1142D2156A300370EAC /* Airport.swift in Sources */,
				7DC913692D1F496000AD88C9 /* TripButton.swift in Sources */,
				7D5DAB4B2D1F350700A37B21 /* VolatusApp.swift in Sources */,
				7D9565D92D2EB37D00CC3813 /* DateUiState.swift in Sources */,
				7DC9136B2D1F4A4F00AD88C9 /* TimeView.swift in Sources */,
				7DC9136D2D1F4AEC00AD88C9 /* PassengerView.swift in Sources */,
				7D99CFED2D22BB9500263945 /* DateListViewModel.swift in Sources */,
				7DA9B8D22D28028C0060CF54 /* DepartureTicketListViewModel.swift in Sources */,
				7DABF7BD2D3160C900DDC2CA /* Ticket.swift in Sources */,
				7DA9B9012D287AA40060CF54 /* ReturnTicketListViewModel.swift in Sources */,
				7D45E2E72D27281A00FDC1EE /* DayListComponent.swift in Sources */,
			);
			runOnlyForDeploymentPostprocessing = 0;
		};
		7DA3990B2D20371E006B7927 /* Sources */ = {
			isa = PBXSourcesBuildPhase;
			buildActionMask = 2147483647;
			files = (
				7D9565E02D2EBFD000CC3813 /* PassengerSelectViewModelTests.swift in Sources */,
				7DABF7BB2D313E1400DDC2CA /* AirportListMockService.swift in Sources */,
				7D9565D42D2E9D4F00CC3813 /* SharedModelTests.swift in Sources */,
				7DA399122D20371E006B7927 /* VolatusTests.swift in Sources */,
				7D9565D72D2EAEFA00CC3813 /* AirportListViewModelTests.swift in Sources */,
				7DA3991A2D20374E006B7927 /* HomeViewModelTest.swift in Sources */,
				7DABF7C62D31713B00DDC2CA /* MockDepartureTicketListService.swift in Sources */,
				7D9565E42D2ECBF200CC3813 /* DepartureViewModelTests.swift in Sources */,
			);
			runOnlyForDeploymentPostprocessing = 0;
		};
/* End PBXSourcesBuildPhase section */

/* Begin PBXTargetDependency section */
		7DA399142D20371E006B7927 /* PBXTargetDependency */ = {
			isa = PBXTargetDependency;
			target = 7D5DAB462D1F350700A37B21 /* Volatus */;
			targetProxy = 7DA399132D20371E006B7927 /* PBXContainerItemProxy */;
		};
/* End PBXTargetDependency section */

/* Begin XCBuildConfiguration section */
		7D5DAB532D1F350900A37B21 /* Debug */ = {
			isa = XCBuildConfiguration;
			buildSettings = {
				ALWAYS_SEARCH_USER_PATHS = NO;
				ASSETCATALOG_COMPILER_GENERATE_SWIFT_ASSET_SYMBOL_EXTENSIONS = YES;
				CLANG_ANALYZER_NONNULL = YES;
				CLANG_ANALYZER_NUMBER_OBJECT_CONVERSION = YES_AGGRESSIVE;
				CLANG_CXX_LANGUAGE_STANDARD = "gnu++20";
				CLANG_ENABLE_MODULES = YES;
				CLANG_ENABLE_OBJC_ARC = YES;
				CLANG_ENABLE_OBJC_WEAK = YES;
				CLANG_WARN_BLOCK_CAPTURE_AUTORELEASING = YES;
				CLANG_WARN_BOOL_CONVERSION = YES;
				CLANG_WARN_COMMA = YES;
				CLANG_WARN_CONSTANT_CONVERSION = YES;
				CLANG_WARN_DEPRECATED_OBJC_IMPLEMENTATIONS = YES;
				CLANG_WARN_DIRECT_OBJC_ISA_USAGE = YES_ERROR;
				CLANG_WARN_DOCUMENTATION_COMMENTS = YES;
				CLANG_WARN_EMPTY_BODY = YES;
				CLANG_WARN_ENUM_CONVERSION = YES;
				CLANG_WARN_INFINITE_RECURSION = YES;
				CLANG_WARN_INT_CONVERSION = YES;
				CLANG_WARN_NON_LITERAL_NULL_CONVERSION = YES;
				CLANG_WARN_OBJC_IMPLICIT_RETAIN_SELF = YES;
				CLANG_WARN_OBJC_LITERAL_CONVERSION = YES;
				CLANG_WARN_OBJC_ROOT_CLASS = YES_ERROR;
				CLANG_WARN_QUOTED_INCLUDE_IN_FRAMEWORK_HEADER = YES;
				CLANG_WARN_RANGE_LOOP_ANALYSIS = YES;
				CLANG_WARN_STRICT_PROTOTYPES = YES;
				CLANG_WARN_SUSPICIOUS_MOVE = YES;
				CLANG_WARN_UNGUARDED_AVAILABILITY = YES_AGGRESSIVE;
				CLANG_WARN_UNREACHABLE_CODE = YES;
				CLANG_WARN__DUPLICATE_METHOD_MATCH = YES;
				COPY_PHASE_STRIP = NO;
				DEBUG_INFORMATION_FORMAT = dwarf;
				ENABLE_STRICT_OBJC_MSGSEND = YES;
				ENABLE_TESTABILITY = YES;
				ENABLE_USER_SCRIPT_SANDBOXING = YES;
				GCC_C_LANGUAGE_STANDARD = gnu17;
				GCC_DYNAMIC_NO_PIC = NO;
				GCC_NO_COMMON_BLOCKS = YES;
				GCC_OPTIMIZATION_LEVEL = 0;
				GCC_PREPROCESSOR_DEFINITIONS = (
					"DEBUG=1",
					"$(inherited)",
				);
				GCC_WARN_64_TO_32_BIT_CONVERSION = YES;
				GCC_WARN_ABOUT_RETURN_TYPE = YES_ERROR;
				GCC_WARN_UNDECLARED_SELECTOR = YES;
				GCC_WARN_UNINITIALIZED_AUTOS = YES_AGGRESSIVE;
				GCC_WARN_UNUSED_FUNCTION = YES;
				GCC_WARN_UNUSED_VARIABLE = YES;
				IPHONEOS_DEPLOYMENT_TARGET = 17.0;
				LOCALIZATION_PREFERS_STRING_CATALOGS = YES;
				MTL_ENABLE_DEBUG_INFO = INCLUDE_SOURCE;
				MTL_FAST_MATH = YES;
				ONLY_ACTIVE_ARCH = YES;
				SDKROOT = iphoneos;
				SWIFT_ACTIVE_COMPILATION_CONDITIONS = "DEBUG $(inherited)";
				SWIFT_OPTIMIZATION_LEVEL = "-Onone";
			};
			name = Debug;
		};
		7D5DAB542D1F350900A37B21 /* Release */ = {
			isa = XCBuildConfiguration;
			buildSettings = {
				ALWAYS_SEARCH_USER_PATHS = NO;
				ASSETCATALOG_COMPILER_GENERATE_SWIFT_ASSET_SYMBOL_EXTENSIONS = YES;
				CLANG_ANALYZER_NONNULL = YES;
				CLANG_ANALYZER_NUMBER_OBJECT_CONVERSION = YES_AGGRESSIVE;
				CLANG_CXX_LANGUAGE_STANDARD = "gnu++20";
				CLANG_ENABLE_MODULES = YES;
				CLANG_ENABLE_OBJC_ARC = YES;
				CLANG_ENABLE_OBJC_WEAK = YES;
				CLANG_WARN_BLOCK_CAPTURE_AUTORELEASING = YES;
				CLANG_WARN_BOOL_CONVERSION = YES;
				CLANG_WARN_COMMA = YES;
				CLANG_WARN_CONSTANT_CONVERSION = YES;
				CLANG_WARN_DEPRECATED_OBJC_IMPLEMENTATIONS = YES;
				CLANG_WARN_DIRECT_OBJC_ISA_USAGE = YES_ERROR;
				CLANG_WARN_DOCUMENTATION_COMMENTS = YES;
				CLANG_WARN_EMPTY_BODY = YES;
				CLANG_WARN_ENUM_CONVERSION = YES;
				CLANG_WARN_INFINITE_RECURSION = YES;
				CLANG_WARN_INT_CONVERSION = YES;
				CLANG_WARN_NON_LITERAL_NULL_CONVERSION = YES;
				CLANG_WARN_OBJC_IMPLICIT_RETAIN_SELF = YES;
				CLANG_WARN_OBJC_LITERAL_CONVERSION = YES;
				CLANG_WARN_OBJC_ROOT_CLASS = YES_ERROR;
				CLANG_WARN_QUOTED_INCLUDE_IN_FRAMEWORK_HEADER = YES;
				CLANG_WARN_RANGE_LOOP_ANALYSIS = YES;
				CLANG_WARN_STRICT_PROTOTYPES = YES;
				CLANG_WARN_SUSPICIOUS_MOVE = YES;
				CLANG_WARN_UNGUARDED_AVAILABILITY = YES_AGGRESSIVE;
				CLANG_WARN_UNREACHABLE_CODE = YES;
				CLANG_WARN__DUPLICATE_METHOD_MATCH = YES;
				COPY_PHASE_STRIP = NO;
				DEBUG_INFORMATION_FORMAT = "dwarf-with-dsym";
				ENABLE_NS_ASSERTIONS = NO;
				ENABLE_STRICT_OBJC_MSGSEND = YES;
				ENABLE_USER_SCRIPT_SANDBOXING = YES;
				GCC_C_LANGUAGE_STANDARD = gnu17;
				GCC_NO_COMMON_BLOCKS = YES;
				GCC_WARN_64_TO_32_BIT_CONVERSION = YES;
				GCC_WARN_ABOUT_RETURN_TYPE = YES_ERROR;
				GCC_WARN_UNDECLARED_SELECTOR = YES;
				GCC_WARN_UNINITIALIZED_AUTOS = YES_AGGRESSIVE;
				GCC_WARN_UNUSED_FUNCTION = YES;
				GCC_WARN_UNUSED_VARIABLE = YES;
				IPHONEOS_DEPLOYMENT_TARGET = 17.0;
				LOCALIZATION_PREFERS_STRING_CATALOGS = YES;
				MTL_ENABLE_DEBUG_INFO = NO;
				MTL_FAST_MATH = YES;
				SDKROOT = iphoneos;
				SWIFT_COMPILATION_MODE = wholemodule;
				VALIDATE_PRODUCT = YES;
			};
			name = Release;
		};
		7D5DAB562D1F350900A37B21 /* Debug */ = {
			isa = XCBuildConfiguration;
			buildSettings = {
				ASSETCATALOG_COMPILER_APPICON_NAME = AppIcon;
				ASSETCATALOG_COMPILER_GLOBAL_ACCENT_COLOR_NAME = AccentColor;
				CODE_SIGN_STYLE = Automatic;
				CURRENT_PROJECT_VERSION = 1;
				DEVELOPMENT_ASSET_PATHS = "\"Volatus/Preview Content\"";
				DEVELOPMENT_TEAM = 45DX68AP4J;
				ENABLE_PREVIEWS = YES;
				GENERATE_INFOPLIST_FILE = YES;
				INFOPLIST_KEY_UIApplicationSceneManifest_Generation = YES;
				INFOPLIST_KEY_UIApplicationSupportsIndirectInputEvents = YES;
				INFOPLIST_KEY_UILaunchScreen_Generation = YES;
				INFOPLIST_KEY_UISupportedInterfaceOrientations_iPad = "UIInterfaceOrientationPortrait UIInterfaceOrientationPortraitUpsideDown UIInterfaceOrientationLandscapeLeft UIInterfaceOrientationLandscapeRight";
				INFOPLIST_KEY_UISupportedInterfaceOrientations_iPhone = "UIInterfaceOrientationPortrait UIInterfaceOrientationLandscapeLeft UIInterfaceOrientationLandscapeRight";
				LD_RUNPATH_SEARCH_PATHS = (
					"$(inherited)",
					"@executable_path/Frameworks",
				);
				MARKETING_VERSION = 1.0;
				PRODUCT_BUNDLE_IDENTIFIER = engingulek.Volatus;
				PRODUCT_NAME = "$(TARGET_NAME)";
				SWIFT_EMIT_LOC_STRINGS = YES;
				SWIFT_VERSION = 5.0;
				TARGETED_DEVICE_FAMILY = "1,2";
			};
			name = Debug;
		};
		7D5DAB572D1F350900A37B21 /* Release */ = {
			isa = XCBuildConfiguration;
			buildSettings = {
				ASSETCATALOG_COMPILER_APPICON_NAME = AppIcon;
				ASSETCATALOG_COMPILER_GLOBAL_ACCENT_COLOR_NAME = AccentColor;
				CODE_SIGN_STYLE = Automatic;
				CURRENT_PROJECT_VERSION = 1;
				DEVELOPMENT_ASSET_PATHS = "\"Volatus/Preview Content\"";
				DEVELOPMENT_TEAM = 45DX68AP4J;
				ENABLE_PREVIEWS = YES;
				GENERATE_INFOPLIST_FILE = YES;
				INFOPLIST_KEY_UIApplicationSceneManifest_Generation = YES;
				INFOPLIST_KEY_UIApplicationSupportsIndirectInputEvents = YES;
				INFOPLIST_KEY_UILaunchScreen_Generation = YES;
				INFOPLIST_KEY_UISupportedInterfaceOrientations_iPad = "UIInterfaceOrientationPortrait UIInterfaceOrientationPortraitUpsideDown UIInterfaceOrientationLandscapeLeft UIInterfaceOrientationLandscapeRight";
				INFOPLIST_KEY_UISupportedInterfaceOrientations_iPhone = "UIInterfaceOrientationPortrait UIInterfaceOrientationLandscapeLeft UIInterfaceOrientationLandscapeRight";
				LD_RUNPATH_SEARCH_PATHS = (
					"$(inherited)",
					"@executable_path/Frameworks",
				);
				MARKETING_VERSION = 1.0;
				PRODUCT_BUNDLE_IDENTIFIER = engingulek.Volatus;
				PRODUCT_NAME = "$(TARGET_NAME)";
				SWIFT_EMIT_LOC_STRINGS = YES;
				SWIFT_VERSION = 5.0;
				TARGETED_DEVICE_FAMILY = "1,2";
			};
			name = Release;
		};
		7DA399162D20371E006B7927 /* Debug */ = {
			isa = XCBuildConfiguration;
			buildSettings = {
				BUNDLE_LOADER = "$(TEST_HOST)";
				CODE_SIGN_STYLE = Automatic;
				CURRENT_PROJECT_VERSION = 1;
				DEVELOPMENT_TEAM = 45DX68AP4J;
				GENERATE_INFOPLIST_FILE = YES;
				MARKETING_VERSION = 1.0;
				PRODUCT_BUNDLE_IDENTIFIER = engingulek.VolatusTests;
				PRODUCT_NAME = "$(TARGET_NAME)";
				SWIFT_EMIT_LOC_STRINGS = NO;
				SWIFT_VERSION = 5.0;
				TARGETED_DEVICE_FAMILY = "1,2";
				TEST_HOST = "$(BUILT_PRODUCTS_DIR)/Volatus.app/$(BUNDLE_EXECUTABLE_FOLDER_PATH)/Volatus";
			};
			name = Debug;
		};
		7DA399172D20371E006B7927 /* Release */ = {
			isa = XCBuildConfiguration;
			buildSettings = {
				BUNDLE_LOADER = "$(TEST_HOST)";
				CODE_SIGN_STYLE = Automatic;
				CURRENT_PROJECT_VERSION = 1;
				DEVELOPMENT_TEAM = 45DX68AP4J;
				GENERATE_INFOPLIST_FILE = YES;
				MARKETING_VERSION = 1.0;
				PRODUCT_BUNDLE_IDENTIFIER = engingulek.VolatusTests;
				PRODUCT_NAME = "$(TARGET_NAME)";
				SWIFT_EMIT_LOC_STRINGS = NO;
				SWIFT_VERSION = 5.0;
				TARGETED_DEVICE_FAMILY = "1,2";
				TEST_HOST = "$(BUILT_PRODUCTS_DIR)/Volatus.app/$(BUNDLE_EXECUTABLE_FOLDER_PATH)/Volatus";
			};
			name = Release;
		};
/* End XCBuildConfiguration section */

/* Begin XCConfigurationList section */
		7D5DAB422D1F350700A37B21 /* Build configuration list for PBXProject "Volatus" */ = {
			isa = XCConfigurationList;
			buildConfigurations = (
				7D5DAB532D1F350900A37B21 /* Debug */,
				7D5DAB542D1F350900A37B21 /* Release */,
			);
			defaultConfigurationIsVisible = 0;
			defaultConfigurationName = Release;
		};
		7D5DAB552D1F350900A37B21 /* Build configuration list for PBXNativeTarget "Volatus" */ = {
			isa = XCConfigurationList;
			buildConfigurations = (
				7D5DAB562D1F350900A37B21 /* Debug */,
				7D5DAB572D1F350900A37B21 /* Release */,
			);
			defaultConfigurationIsVisible = 0;
			defaultConfigurationName = Release;
		};
		7DA399152D20371E006B7927 /* Build configuration list for PBXNativeTarget "VolatusTests" */ = {
			isa = XCConfigurationList;
			buildConfigurations = (
				7DA399162D20371E006B7927 /* Debug */,
				7DA399172D20371E006B7927 /* Release */,
			);
			defaultConfigurationIsVisible = 0;
			defaultConfigurationName = Release;
		};
/* End XCConfigurationList section */

/* Begin XCRemoteSwiftPackageReference section */
		7DABF7AF2D31358600DDC2CA /* XCRemoteSwiftPackageReference "Alamofire" */ = {
			isa = XCRemoteSwiftPackageReference;
			repositoryURL = "https://github.com/Alamofire/Alamofire.git";
			requirement = {
				kind = upToNextMajorVersion;
				minimumVersion = 5.10.2;
			};
		};
		7DABF7C02D31663000DDC2CA /* XCRemoteSwiftPackageReference "Kingfisher" */ = {
			isa = XCRemoteSwiftPackageReference;
			repositoryURL = "https://github.com/onevcat/Kingfisher.git";
			requirement = {
				kind = upToNextMajorVersion;
				minimumVersion = 8.1.3;
			};
		};
/* End XCRemoteSwiftPackageReference section */

/* Begin XCSwiftPackageProductDependency section */
		7DABF7B02D31358600DDC2CA /* Alamofire */ = {
			isa = XCSwiftPackageProductDependency;
			package = 7DABF7AF2D31358600DDC2CA /* XCRemoteSwiftPackageReference "Alamofire" */;
			productName = Alamofire;
		};
		7DABF7B22D31358600DDC2CA /* AlamofireDynamic */ = {
			isa = XCSwiftPackageProductDependency;
			package = 7DABF7AF2D31358600DDC2CA /* XCRemoteSwiftPackageReference "Alamofire" */;
			productName = AlamofireDynamic;
		};
		7DABF7C12D31663000DDC2CA /* Kingfisher */ = {
			isa = XCSwiftPackageProductDependency;
			package = 7DABF7C02D31663000DDC2CA /* XCRemoteSwiftPackageReference "Kingfisher" */;
			productName = Kingfisher;
		};
/* End XCSwiftPackageProductDependency section */
	};
	rootObject = 7D5DAB3F2D1F350700A37B21 /* Project object */;
}
